
Microsoft Visual Studio Solution File, Format Version 12.00
# Visual Studio 15
VisualStudioVersion = 15.0.27428.2037
MinimumVisualStudioVersion = 10.0.40219.1
Project("{FAE04EC0-301F-11D3-BF4B-00C04F79EFBC}") = "PROJEKTapp", "PROJEKTapp\PROJEKTapp.csproj", "{97F9A2BB-1563-46EC-9BA2-9103F3B00242}"
EndProject
Global
	GlobalSection(SolutionConfigurationPlatforms) = preSolution
		Debug|Any CPU = Debug|Any CPU
		Release|Any CPU = Release|Any CPU
	EndGlobalSection
	GlobalSection(ProjectConfigurationPlatforms) = postSolution
		{97F9A2BB-1563-46EC-9BA2-9103F3B00242}.Debug|Any CPU.ActiveCfg = Debug|Any CPU
		{97F9A2BB-1563-46EC-9BA2-9103F3B00242}.Debug|Any CPU.Build.0 = Debug|Any CPU
		{97F9A2BB-1563-46EC-9BA2-9103F3B00242}.Release|Any CPU.ActiveCfg = Release|Any CPU
		{97F9A2BB-1563-46EC-9BA2-9103F3B00242}.Release|Any CPU.Build.0 = Release|Any CPU
	EndGlobalSection
	GlobalSection(SolutionProperties) = preSolution
		HideSolutionNode = FALSE
	EndGlobalSection
	GlobalSection(ExtensibilityGlobals) = postSolution
		SolutionGuid = {C4C68C66-B4B2-4679-B6A3-62D427A6C344}
	EndGlobalSection
EndGlobal
